
Microsoft Visual Studio Solution File, Format Version 12.00
# Visual Studio Version 16
VisualStudioVersion = 16.0.32228.343
MinimumVisualStudioVersion = 10.0.40219.1
Project("{FAE04EC0-301F-11D3-BF4B-00C04F79EFBC}") = "ManishTry", "ManishTry\ManishTry.csproj", "{6B7DB27B-EAEF-4522-B655-EDBE46CA9C1B}"
EndProject
Global
	GlobalSection(SolutionConfigurationPlatforms) = preSolution
		Debug|Any CPU = Debug|Any CPU
		Release|Any CPU = Release|Any CPU
	EndGlobalSection
	GlobalSection(ProjectConfigurationPlatforms) = postSolution
		{6B7DB27B-EAEF-4522-B655-EDBE46CA9C1B}.Debug|Any CPU.ActiveCfg = Debug|Any CPU
		{6B7DB27B-EAEF-4522-B655-EDBE46CA9C1B}.Debug|Any CPU.Build.0 = Debug|Any CPU
		{6B7DB27B-EAEF-4522-B655-EDBE46CA9C1B}.Release|Any CPU.ActiveCfg = Release|Any CPU
		{6B7DB27B-EAEF-4522-B655-EDBE46CA9C1B}.Release|Any CPU.Build.0 = Release|Any CPU
	EndGlobalSection
	GlobalSection(SolutionProperties) = preSolution
		HideSolutionNode = FALSE
	EndGlobalSection
	GlobalSection(ExtensibilityGlobals) = postSolution
		SolutionGuid = {E548E82D-DC49-4C52-9E5F-E2C57172FA56}
	EndGlobalSection
EndGlobal
